[[package]]
category = "main"
description = "ASGI specs, helper code, and adapters"
name = "asgiref"
optional = false
python-versions = ">=3.5"
version = "3.3.1"

[package.extras]
tests = ["pytest", "pytest-asyncio"]

[[package]]
category = "dev"
description = "Atomic file writes."
marker = "sys_platform == \"win32\""
name = "atomicwrites"
optional = false
python-versions = ">=2.7, !=3.0.*, !=3.1.*, !=3.2.*, !=3.3.*"
version = "1.4.0"

[[package]]
category = "dev"
description = "Classes Without Boilerplate"
name = "attrs"
optional = false
python-versions = ">=2.7, !=3.0.*, !=3.1.*, !=3.2.*, !=3.3.*"
version = "20.3.0"

[package.extras]
dev = ["coverage (>=5.0.2)", "hypothesis", "pympler", "pytest (>=4.3.0)", "six", "zope.interface", "furo", "sphinx", "pre-commit"]
docs = ["furo", "sphinx", "zope.interface"]
tests = ["coverage (>=5.0.2)", "hypothesis", "pympler", "pytest (>=4.3.0)", "six", "zope.interface"]
tests_no_zope = ["coverage (>=5.0.2)", "hypothesis", "pympler", "pytest (>=4.3.0)", "six"]

[[package]]
category = "main"
description = "Amazon Web Services Library"
name = "boto"
optional = false
python-versions = "*"
version = "2.49.0"

[[package]]
category = "main"
description = "Low-level, data-driven core of boto 3."
name = "botocore"
optional = false
python-versions = "*"
version = "1.19.38"

[package.dependencies]
jmespath = ">=0.7.1,<1.0.0"
python-dateutil = ">=2.1,<3.0.0"

[package.dependencies.urllib3]
python = "<3.4.0 || >=3.5.0"
version = ">=1.25.4,<1.27"

[[package]]
category = "main"
description = "Python package for providing Mozilla's CA Bundle."
name = "certifi"
optional = false
python-versions = "*"
version = "2020.12.5"

[[package]]
category = "main"
description = "Universal encoding detector for Python 2 and 3"
name = "chardet"
optional = false
python-versions = ">=2.7, !=3.0.*, !=3.1.*, !=3.2.*, !=3.3.*, !=3.4.*"
version = "4.0.0"

[[package]]
category = "dev"
description = "Cross-platform colored terminal text."
marker = "sys_platform == \"win32\""
name = "colorama"
optional = false
python-versions = ">=2.7, !=3.0.*, !=3.1.*, !=3.2.*, !=3.3.*, !=3.4.*"
version = "0.4.4"

[[package]]
category = "main"
description = "Internationalized Domain Names in Applications (IDNA)"
name = "idna"
optional = false
python-versions = ">=2.7, !=3.0.*, !=3.1.*, !=3.2.*, !=3.3.*"
version = "2.10"

[[package]]
category = "dev"
description = "Read metadata from Python packages"
marker = "python_version < \"3.8\""
name = "importlib-metadata"
optional = false
python-versions = ">=3.6"
version = "3.3.0"

[package.dependencies]
zipp = ">=0.5"

[package.dependencies.typing-extensions]
python = "<3.8"
version = ">=3.6.4"

[package.extras]
docs = ["sphinx", "jaraco.packaging (>=3.2)", "rst.linker (>=1.9)"]
testing = ["pytest (>=3.5,<3.7.3 || >3.7.3)", "pytest-checkdocs (>=1.2.3)", "pytest-flake8", "pytest-cov", "jaraco.test (>=3.2.0)", "packaging", "pep517", "pyfakefs", "flufl.flake8", "pytest-black (>=0.3.7)", "pytest-mypy", "importlib-resources (>=1.3)"]

[[package]]
category = "main"
description = "JSON Matching Expressions"
name = "jmespath"
optional = false
python-versions = ">=2.6, !=3.0.*, !=3.1.*, !=3.2.*"
version = "0.10.0"

[[package]]
category = "dev"
description = "More routines for operating on iterables, beyond itertools"
name = "more-itertools"
optional = false
python-versions = ">=3.5"
version = "8.6.0"

[[package]]
category = "main"
description = "OpenTelemetry Python API"
name = "opentelemetry-api"
optional = false
python-versions = ">=3.5"
version = "0.16b1"

[[package]]
category = "main"
description = "Instrumentation Tools & Auto Instrumentation for OpenTelemetry Python"
name = "opentelemetry-instrumentation"
optional = false
python-versions = ">=3.5"
version = "0.16b1"

[package.dependencies]
opentelemetry-api = "0.16b1"
opentelemetry-sdk = "0.16b1"
wrapt = ">=1.0.0,<2.0.0"

[[package]]
category = "main"
description = "ASGI instrumentation for OpenTelemetry"
name = "opentelemetry-instrumentation-asgi"
optional = false
python-versions = ">=3.5"
version = "0.16b1"

[package.dependencies]
asgiref = ">=3.0,<4.0"
opentelemetry-api = "0.16b1"
opentelemetry-instrumentation = "0.16b1"

[package.extras]
test = ["opentelemetry-test"]

[[package]]
category = "main"
description = "OpenTelemetry Boto instrumentation"
name = "opentelemetry-instrumentation-boto"
optional = false
python-versions = ">=3.5"
version = "0.16b1"

[package.dependencies]
boto = ">=2.0,<3.0"
opentelemetry-api = "0.16b1"
opentelemetry-instrumentation = "0.16b1"
opentelemetry-instrumentation-botocore = "0.16b1"

[package.extras]
test = ["boto (>=2.0,<3.0)", "moto (>=1.0,<2.0)", "opentelemetry-test (0.16b1)"]

[[package]]
category = "main"
description = "OpenTelemetry Botocore instrumentation"
name = "opentelemetry-instrumentation-botocore"
optional = false
python-versions = ">=3.5"
version = "0.16b1"

[package.dependencies]
botocore = ">=1.0,<2.0"
opentelemetry-api = "0.16b1"
opentelemetry-instrumentation = "0.16b1"

[package.extras]
test = ["moto (>=1.0,<2.0)", "opentelemetry-test (0.16b1)"]

[[package]]
category = "main"
description = "OpenTelemetry FastAPI Instrumentation"
name = "opentelemetry-instrumentation-fastapi"
optional = false
python-versions = ">=3.6"
version = "0.16b1"

[package.dependencies]
opentelemetry-api = "0.16b1"
opentelemetry-instrumentation-asgi = "0.16b1"

[package.extras]
test = ["opentelemetry-test (0.16b1)", "fastapi (>=0.58.1,<0.59.0)", "requests (>=2.23.0,<2.24.0)"]

[[package]]
category = "main"
description = "OpenTelemetry Redis instrumentation"
name = "opentelemetry-instrumentation-redis"
optional = false
python-versions = ">=3.5"
version = "0.16b1"

[package.dependencies]
opentelemetry-api = "0.16b1"
opentelemetry-instrumentation = "0.16b1"
redis = ">=2.6"
wrapt = ">=1.12.1"

[package.extras]
test = ["opentelemetry-test (0.16b1)", "opentelemetry-sdk (0.16b1)"]

[[package]]
category = "main"
description = "OpenTelemetry requests instrumentation"
name = "opentelemetry-instrumentation-requests"
optional = false
python-versions = ">=3.5"
version = "0.16b1"

[package.dependencies]
opentelemetry-api = "0.16b1"
opentelemetry-instrumentation = "0.16b1"
requests = ">=2.0,<3.0"

[package.extras]
test = ["opentelemetry-test (0.16b1)", "httpretty (>=1.0,<2.0)"]

[[package]]
category = "main"
description = "OpenTelemetry SQLAlchemy instrumentation"
name = "opentelemetry-instrumentation-sqlalchemy"
optional = false
python-versions = ">=3.5"
version = "0.16b1"

[package.dependencies]
opentelemetry-api = "0.16b1"
opentelemetry-instrumentation = "0.16b1"
sqlalchemy = "*"
wrapt = ">=1.11.2"

[package.extras]
test = ["opentelemetry-sdk (0.16b1)", "pytest"]

[[package]]
category = "main"
description = "OpenTelemetry Python SDK"
name = "opentelemetry-sdk"
optional = false
python-versions = ">=3.5"
version = "0.16b1"

[package.dependencies]
opentelemetry-api = "0.16b1"

[[package]]
category = "dev"
description = "Core utilities for Python packages"
name = "packaging"
optional = false
python-versions = ">=2.7, !=3.0.*, !=3.1.*, !=3.2.*, !=3.3.*"
version = "20.8"

[package.dependencies]
pyparsing = ">=2.0.2"

[[package]]
category = "dev"
description = "plugin and hook calling mechanisms for python"
name = "pluggy"
optional = false
python-versions = ">=2.7, !=3.0.*, !=3.1.*, !=3.2.*, !=3.3.*"
version = "0.13.1"

[package.dependencies]
[package.dependencies.importlib-metadata]
python = "<3.8"
version = ">=0.12"

[package.extras]
dev = ["pre-commit", "tox"]

[[package]]
category = "dev"
description = "library with cross-python path, ini-parsing, io, code, log facilities"
name = "py"
optional = false
python-versions = ">=2.7, !=3.0.*, !=3.1.*, !=3.2.*, !=3.3.*"
version = "1.10.0"

[[package]]
category = "dev"
description = "Python parsing module"
name = "pyparsing"
optional = false
python-versions = ">=2.6, !=3.0.*, !=3.1.*, !=3.2.*"
version = "2.4.7"

[[package]]
category = "dev"
description = "pytest: simple powerful testing with Python"
name = "pytest"
optional = false
python-versions = ">=3.5"
version = "5.4.3"

[package.dependencies]
atomicwrites = ">=1.0"
attrs = ">=17.4.0"
colorama = "*"
more-itertools = ">=4.0.0"
packaging = "*"
pluggy = ">=0.12,<1.0"
py = ">=1.5.0"
wcwidth = "*"

[package.dependencies.importlib-metadata]
python = "<3.8"
version = ">=0.12"

[package.extras]
checkqa-mypy = ["mypy (v0.761)"]
testing = ["argcomplete", "hypothesis (>=3.56)", "mock", "nose", "requests", "xmlschema"]

[[package]]
category = "main"
description = "Extensions to the standard Python datetime module"
name = "python-dateutil"
optional = false
python-versions = "!=3.0.*,!=3.1.*,!=3.2.*,>=2.7"
version = "2.8.1"

[package.dependencies]
six = ">=1.5"

[[package]]
category = "main"
description = "Python client for Redis key-value store"
name = "redis"
optional = false
python-versions = ">=2.7, !=3.0.*, !=3.1.*, !=3.2.*, !=3.3.*, !=3.4.*"
version = "3.5.3"

[package.extras]
hiredis = ["hiredis (>=0.1.3)"]

[[package]]
category = "main"
description = "Python HTTP for Humans."
name = "requests"
optional = false
python-versions = ">=2.7, !=3.0.*, !=3.1.*, !=3.2.*, !=3.3.*, !=3.4.*"
version = "2.25.1"

[package.dependencies]
certifi = ">=2017.4.17"
chardet = ">=3.0.2,<5"
idna = ">=2.5,<3"
urllib3 = ">=1.21.1,<1.27"

[package.extras]
security = ["pyOpenSSL (>=0.14)", "cryptography (>=1.3.4)"]
socks = ["PySocks (>=1.5.6,<1.5.7 || >1.5.7)", "win-inet-pton"]

[[package]]
category = "main"
description = "Python 2 and 3 compatibility utilities"
name = "six"
optional = false
python-versions = ">=2.7, !=3.0.*, !=3.1.*, !=3.2.*"
version = "1.15.0"

[[package]]
category = "main"
description = "Database Abstraction Library"
name = "sqlalchemy"
optional = false
python-versions = ">=2.7, !=3.0.*, !=3.1.*, !=3.2.*, !=3.3.*"
version = "1.3.21"

[package.extras]
mssql = ["pyodbc"]
mssql_pymssql = ["pymssql"]
mssql_pyodbc = ["pyodbc"]
mysql = ["mysqlclient"]
oracle = ["cx-oracle"]
postgresql = ["psycopg2"]
postgresql_pg8000 = ["pg8000"]
postgresql_psycopg2binary = ["psycopg2-binary"]
postgresql_psycopg2cffi = ["psycopg2cffi"]
pymysql = ["pymysql"]

[[package]]
category = "dev"
description = "Backported and Experimental Type Hints for Python 3.5+"
marker = "python_version < \"3.8\""
name = "typing-extensions"
optional = false
python-versions = "*"
version = "3.7.4.3"

[[package]]
category = "main"
description = "HTTP library with thread-safe connection pooling, file post, and more."
name = "urllib3"
optional = false
python-versions = ">=2.7, !=3.0.*, !=3.1.*, !=3.2.*, !=3.3.*, !=3.4.*, <4"
version = "1.26.2"

[package.extras]
brotli = ["brotlipy (>=0.6.0)"]
secure = ["pyOpenSSL (>=0.14)", "cryptography (>=1.3.4)", "idna (>=2.0.0)", "certifi", "ipaddress"]
socks = ["PySocks (>=1.5.6,<1.5.7 || >1.5.7,<2.0)"]

[[package]]
category = "dev"
description = "Measures the displayed width of unicode strings in a terminal"
name = "wcwidth"
optional = false
python-versions = "*"
version = "0.2.5"

[[package]]
category = "main"
description = "Module for decorators, wrappers and monkey patching."
name = "wrapt"
optional = false
python-versions = "*"
version = "1.12.1"

[[package]]
category = "dev"
description = "Backport of pathlib-compatible object wrapper for zip files"
marker = "python_version < \"3.8\""
name = "zipp"
optional = false
python-versions = ">=3.6"
version = "3.4.0"

[package.extras]
docs = ["sphinx", "jaraco.packaging (>=3.2)", "rst.linker (>=1.9)"]
testing = ["pytest (>=3.5,<3.7.3 || >3.7.3)", "pytest-checkdocs (>=1.2.3)", "pytest-flake8", "pytest-cov", "jaraco.test (>=3.2.0)", "jaraco.itertools", "func-timeout", "pytest-black (>=0.3.7)", "pytest-mypy"]

[metadata]
content-hash = "9e3fcfdf8ba6ff153e91101692b0f451a77512e00279613a5247c05758b77d83"
lock-version = "1.0"
python-versions = "^3.7"

[metadata.files]
asgiref = [
    {file = "asgiref-3.3.1-py3-none-any.whl", hash = "sha256:5ee950735509d04eb673bd7f7120f8fa1c9e2df495394992c73234d526907e17"},
    {file = "asgiref-3.3.1.tar.gz", hash = "sha256:7162a3cb30ab0609f1a4c95938fd73e8604f63bdba516a7f7d64b83ff09478f0"},
]
atomicwrites = [
    {file = "atomicwrites-1.4.0-py2.py3-none-any.whl", hash = "sha256:6d1784dea7c0c8d4a5172b6c620f40b6e4cbfdf96d783691f2e1302a7b88e197"},
    {file = "atomicwrites-1.4.0.tar.gz", hash = "sha256:ae70396ad1a434f9c7046fd2dd196fc04b12f9e91ffb859164193be8b6168a7a"},
]
attrs = [
    {file = "attrs-20.3.0-py2.py3-none-any.whl", hash = "sha256:31b2eced602aa8423c2aea9c76a724617ed67cf9513173fd3a4f03e3a929c7e6"},
    {file = "attrs-20.3.0.tar.gz", hash = "sha256:832aa3cde19744e49938b91fea06d69ecb9e649c93ba974535d08ad92164f700"},
]
boto = [
    {file = "boto-2.49.0-py2.py3-none-any.whl", hash = "sha256:147758d41ae7240dc989f0039f27da8ca0d53734be0eb869ef16e3adcfa462e8"},
    {file = "boto-2.49.0.tar.gz", hash = "sha256:ea0d3b40a2d852767be77ca343b58a9e3a4b00d9db440efb8da74b4e58025e5a"},
]
botocore = [
    {file = "botocore-1.19.38-py2.py3-none-any.whl", hash = "sha256:38ccc132c5b9d1e7a4dd37af78061fd2dd0e4fd611f527b409a4e9a679a85cdb"},
    {file = "botocore-1.19.38.tar.gz", hash = "sha256:1f1ecb1b0c6ffc8fcdd5eeb40f33e986dfe9724dc66c83017014a0506af6378a"},
]
certifi = [
    {file = "certifi-2020.12.5-py2.py3-none-any.whl", hash = "sha256:719a74fb9e33b9bd44cc7f3a8d94bc35e4049deebe19ba7d8e108280cfd59830"},
    {file = "certifi-2020.12.5.tar.gz", hash = "sha256:1a4995114262bffbc2413b159f2a1a480c969de6e6eb13ee966d470af86af59c"},
]
chardet = [
    {file = "chardet-4.0.0-py2.py3-none-any.whl", hash = "sha256:f864054d66fd9118f2e67044ac8981a54775ec5b67aed0441892edb553d21da5"},
    {file = "chardet-4.0.0.tar.gz", hash = "sha256:0d6f53a15db4120f2b08c94f11e7d93d2c911ee118b6b30a04ec3ee8310179fa"},
]
colorama = [
    {file = "colorama-0.4.4-py2.py3-none-any.whl", hash = "sha256:9f47eda37229f68eee03b24b9748937c7dc3868f906e8ba69fbcbdd3bc5dc3e2"},
    {file = "colorama-0.4.4.tar.gz", hash = "sha256:5941b2b48a20143d2267e95b1c2a7603ce057ee39fd88e7329b0c292aa16869b"},
]
idna = [
    {file = "idna-2.10-py2.py3-none-any.whl", hash = "sha256:b97d804b1e9b523befed77c48dacec60e6dcb0b5391d57af6a65a312a90648c0"},
    {file = "idna-2.10.tar.gz", hash = "sha256:b307872f855b18632ce0c21c5e45be78c0ea7ae4c15c828c20788b26921eb3f6"},
]
importlib-metadata = [
    {file = "importlib_metadata-3.3.0-py3-none-any.whl", hash = "sha256:bf792d480abbd5eda85794e4afb09dd538393f7d6e6ffef6e9f03d2014cf9450"},
    {file = "importlib_metadata-3.3.0.tar.gz", hash = "sha256:5c5a2720817414a6c41f0a49993908068243ae02c1635a228126519b509c8aed"},
]
jmespath = [
    {file = "jmespath-0.10.0-py2.py3-none-any.whl", hash = "sha256:cdf6525904cc597730141d61b36f2e4b8ecc257c420fa2f4549bac2c2d0cb72f"},
    {file = "jmespath-0.10.0.tar.gz", hash = "sha256:b85d0567b8666149a93172712e68920734333c0ce7e89b78b3e987f71e5ed4f9"},
]
more-itertools = [
    {file = "more-itertools-8.6.0.tar.gz", hash = "sha256:b3a9005928e5bed54076e6e549c792b306fddfe72b2d1d22dd63d42d5d3899cf"},
    {file = "more_itertools-8.6.0-py3-none-any.whl", hash = "sha256:8e1a2a43b2f2727425f2b5839587ae37093f19153dc26c0927d1048ff6557330"},
]
opentelemetry-api = [
    {file = "opentelemetry-api-0.16b1.tar.gz", hash = "sha256:1fa122d0f2b4970d2597f9c3c35b292758b42e2e0caaa055983317bcc3d69e72"},
    {file = "opentelemetry_api-0.16b1-py3-none-any.whl", hash = "sha256:48a3cd8aae2cb32ffb8694be8e1a7a548b8ce2398a733f833c92ff21c0e3136f"},
]
opentelemetry-instrumentation = [
    {file = "opentelemetry-instrumentation-0.16b1.tar.gz", hash = "sha256:4eb79e926f59770ee16a8c9ebd474991684b19aa6b6c76d862227da7190cc200"},
    {file = "opentelemetry_instrumentation-0.16b1-py3-none-any.whl", hash = "sha256:f465ed34d0cdcf2d518e680b9db8d87991eb9c8f88e456b40cb71d4c952205ea"},
]
opentelemetry-instrumentation-asgi = [
    {file = "opentelemetry-instrumentation-asgi-0.16b1.tar.gz", hash = "sha256:6c0e9bb178eb467a0b3eb4de6d3f9d2e32c411e6c051ce5f209dcfac1b9b6db4"},
    {file = "opentelemetry_instrumentation_asgi-0.16b1-py3-none-any.whl", hash = "sha256:c0aa527768a7163080be2fdc34fdd08158c0f0a669902c6d8c9a1a1a891a7a12"},
]
opentelemetry-instrumentation-boto = [
    {file = "opentelemetry-instrumentation-boto-0.16b1.tar.gz", hash = "sha256:3567b0cad37330df8998b2955d65f769a079160cb00670d22500cc368de6b3ee"},
    {file = "opentelemetry_instrumentation_boto-0.16b1-py3-none-any.whl", hash = "sha256:c09533c73d39a5c26ab02df8bf89e7baeadd2bb6da748a36b98f33f3590cf5d7"},
]
opentelemetry-instrumentation-botocore = [
    {file = "opentelemetry-instrumentation-botocore-0.16b1.tar.gz", hash = "sha256:0a916bfcd2b031d13f1f323e0f26655a8841cc118d35db642fa81cf6f0f06913"},
    {file = "opentelemetry_instrumentation_botocore-0.16b1-py3-none-any.whl", hash = "sha256:aa3b30d18c24bf2a54fa6bc360b74554048fbdc3231c1fb9340bda30a716f44a"},
]
opentelemetry-instrumentation-fastapi = [
    {file = "opentelemetry-instrumentation-fastapi-0.16b1.tar.gz", hash = "sha256:3f293bb8f005dcc75d130f52662a0f2eee8091a285fa72ba588f6f5ffdf49482"},
    {file = "opentelemetry_instrumentation_fastapi-0.16b1-py3-none-any.whl", hash = "sha256:1df99e9459ed2f790fd59494da123fa92b7352a2fc10fe9be602abc3235dd051"},
]
opentelemetry-instrumentation-redis = [
    {file = "opentelemetry-instrumentation-redis-0.16b1.tar.gz", hash = "sha256:96add6a59c90d7082b8f1119908d94749997e610856d0832a90dd948002265bd"},
    {file = "opentelemetry_instrumentation_redis-0.16b1-py3-none-any.whl", hash = "sha256:a7f928a27ffd74cf64269e9ba5fe9407e97630003db4825df1170494b3391b44"},
]
opentelemetry-instrumentation-requests = [
    {file = "opentelemetry-instrumentation-requests-0.16b1.tar.gz", hash = "sha256:1273c95013449ba481ee8e6ef5c8141642c68c920e60c1af8280bd913f5ae8b4"},
    {file = "opentelemetry_instrumentation_requests-0.16b1-py3-none-any.whl", hash = "sha256:d1a98fd9dbc063ffa290834831a5ed407047ca710b799e07f8c9c20775313b3d"},
]
opentelemetry-instrumentation-sqlalchemy = [
    {file = "opentelemetry-instrumentation-sqlalchemy-0.16b1.tar.gz", hash = "sha256:80306b3b9e37f75ee043713a60b6e225b9429dc1e6262bf21bcb9275cb99d1ef"},
    {file = "opentelemetry_instrumentation_sqlalchemy-0.16b1-py3-none-any.whl", hash = "sha256:0786c03b7d9704858b601924fb4c58dec2a1016102ac0da84b715ce8e362c1bb"},
]
opentelemetry-sdk = [
    {file = "opentelemetry-sdk-0.16b1.tar.gz", hash = "sha256:c99952f2814cb43dbd16e00f1e1107bcee9d3eedcc17335f400338117e58908d"},
    {file = "opentelemetry_sdk-0.16b1-py3-none-any.whl", hash = "sha256:cb9162335fc1d4af917969a2e3013625be6bca62f2680f50bad8a6b6aad1800d"},
]
packaging = [
    {file = "packaging-20.8-py2.py3-none-any.whl", hash = "sha256:24e0da08660a87484d1602c30bb4902d74816b6985b93de36926f5bc95741858"},
    {file = "packaging-20.8.tar.gz", hash = "sha256:78598185a7008a470d64526a8059de9aaa449238f280fc9eb6b13ba6c4109093"},
]
pluggy = [
    {file = "pluggy-0.13.1-py2.py3-none-any.whl", hash = "sha256:966c145cd83c96502c3c3868f50408687b38434af77734af1e9ca461a4081d2d"},
    {file = "pluggy-0.13.1.tar.gz", hash = "sha256:15b2acde666561e1298d71b523007ed7364de07029219b604cf808bfa1c765b0"},
]
py = [
    {file = "py-1.10.0-py2.py3-none-any.whl", hash = "sha256:3b80836aa6d1feeaa108e046da6423ab8f6ceda6468545ae8d02d9d58d18818a"},
    {file = "py-1.10.0.tar.gz", hash = "sha256:21b81bda15b66ef5e1a777a21c4dcd9c20ad3efd0b3f817e7a809035269e1bd3"},
]
pyparsing = [
    {file = "pyparsing-2.4.7-py2.py3-none-any.whl", hash = "sha256:ef9d7589ef3c200abe66653d3f1ab1033c3c419ae9b9bdb1240a85b024efc88b"},
    {file = "pyparsing-2.4.7.tar.gz", hash = "sha256:c203ec8783bf771a155b207279b9bccb8dea02d8f0c9e5f8ead507bc3246ecc1"},
]
pytest = [
    {file = "pytest-5.4.3-py3-none-any.whl", hash = "sha256:5c0db86b698e8f170ba4582a492248919255fcd4c79b1ee64ace34301fb589a1"},
    {file = "pytest-5.4.3.tar.gz", hash = "sha256:7979331bfcba207414f5e1263b5a0f8f521d0f457318836a7355531ed1a4c7d8"},
]
python-dateutil = [
    {file = "python-dateutil-2.8.1.tar.gz", hash = "sha256:73ebfe9dbf22e832286dafa60473e4cd239f8592f699aa5adaf10050e6e1823c"},
    {file = "python_dateutil-2.8.1-py2.py3-none-any.whl", hash = "sha256:75bb3f31ea686f1197762692a9ee6a7550b59fc6ca3a1f4b5d7e32fb98e2da2a"},
]
redis = [
    {file = "redis-3.5.3-py2.py3-none-any.whl", hash = "sha256:432b788c4530cfe16d8d943a09d40ca6c16149727e4afe8c2c9d5580c59d9f24"},
    {file = "redis-3.5.3.tar.gz", hash = "sha256:0e7e0cfca8660dea8b7d5cd8c4f6c5e29e11f31158c0b0ae91a397f00e5a05a2"},
]
requests = [
    {file = "requests-2.25.1-py2.py3-none-any.whl", hash = "sha256:c210084e36a42ae6b9219e00e48287def368a26d03a048ddad7bfee44f75871e"},
    {file = "requests-2.25.1.tar.gz", hash = "sha256:27973dd4a904a4f13b263a19c866c13b92a39ed1c964655f025f3f8d3d75b804"},
]
six = [
    {file = "six-1.15.0-py2.py3-none-any.whl", hash = "sha256:8b74bedcbbbaca38ff6d7491d76f2b06b3592611af620f8426e82dddb04a5ced"},
    {file = "six-1.15.0.tar.gz", hash = "sha256:30639c035cdb23534cd4aa2dd52c3bf48f06e5f4a941509c8bafd8ce11080259"},
]
sqlalchemy = [
    {file = "SQLAlchemy-1.3.21-cp27-cp27m-macosx_10_14_x86_64.whl", hash = "sha256:61bb5c71837845ee31c0cbe87b3c7f92652dbeafa10295f45610ea6bf349d887"},
    {file = "SQLAlchemy-1.3.21-cp27-cp27m-manylinux1_x86_64.whl", hash = "sha256:f84c06915c752e25068151b834b3470307317a73ddae8b9def034face0e7ef37"},
    {file = "SQLAlchemy-1.3.21-cp27-cp27m-manylinux2010_x86_64.whl", hash = "sha256:4329ca33a1c266ec9910ca697821f2a712d34089092fad9f9666ea193c5e02fa"},
    {file = "SQLAlchemy-1.3.21-cp27-cp27m-win32.whl", hash = "sha256:c3651d8023a9bba79c9d2c80c745237fd7ee77f001bd6c9aab9350024f0e8d01"},
    {file = "SQLAlchemy-1.3.21-cp27-cp27m-win_amd64.whl", hash = "sha256:20fd664489567d23eb049a0441ddc057cba46f704bb1980c2ac0c6a47a9c32c7"},
    {file = "SQLAlchemy-1.3.21-cp27-cp27mu-manylinux1_x86_64.whl", hash = "sha256:6b3e85d513a3d59437047c262ff99d801f5727f6a25497aa6880da44f33d0170"},
    {file = "SQLAlchemy-1.3.21-cp27-cp27mu-manylinux2010_x86_64.whl", hash = "sha256:d45170c234e0294a2a46cdc46b487ccb708aaf927f54da1862c75d723f494e5e"},
    {file = "SQLAlchemy-1.3.21-cp35-cp35m-macosx_10_14_x86_64.whl", hash = "sha256:d6090f68ba8db34864f9befd3aab60e60642443c57a65b781d43f4088514e4c6"},
    {file = "SQLAlchemy-1.3.21-cp35-cp35m-manylinux1_x86_64.whl", hash = "sha256:f462b59addafcf69570164bdfa1e7f44653653ae571b7964fad50132b8c1b608"},
    {file = "SQLAlchemy-1.3.21-cp35-cp35m-manylinux2010_x86_64.whl", hash = "sha256:0f851547a28a4c2bd5b7fc6d05a306b9460d6f7a256989af11d8ddcdc386cc46"},
    {file = "SQLAlchemy-1.3.21-cp35-cp35m-manylinux2014_aarch64.whl", hash = "sha256:b25856479c240e0ecf28562d3c4cf1b4786ad2c0a7825b9d67c1db6293156bae"},
    {file = "SQLAlchemy-1.3.21-cp35-cp35m-win32.whl", hash = "sha256:7a1387fe4cd491122b49af565fb833b90dd1ecf360dd76173b75253981bea5bb"},
    {file = "SQLAlchemy-1.3.21-cp35-cp35m-win_amd64.whl", hash = "sha256:3c024c191e019bd673fe48cdf3bca1215f971bfd189838841903fa12ef206fb4"},
    {file = "SQLAlchemy-1.3.21-cp36-cp36m-macosx_10_14_x86_64.whl", hash = "sha256:7478f45f9b3cf2a2cb8808fd8ffe436e92f7332d4da1f4e8c559d5602189ac4b"},
    {file = "SQLAlchemy-1.3.21-cp36-cp36m-manylinux1_x86_64.whl", hash = "sha256:00d377c3fc069ba615091dee73b90446388091123a8d976c24376eb1044cba6f"},
    {file = "SQLAlchemy-1.3.21-cp36-cp36m-manylinux2010_x86_64.whl", hash = "sha256:16de3aad992eddbce3204832947bafd92b5de50364aea353cd21127132cee2ca"},
    {file = "SQLAlchemy-1.3.21-cp36-cp36m-manylinux2014_aarch64.whl", hash = "sha256:dc87984befa099d42f1cd5ab9e298864af1acc568932716c33ba78dde8241a01"},
    {file = "SQLAlchemy-1.3.21-cp36-cp36m-win32.whl", hash = "sha256:8952188c690e521ee2a33a7ff2b878a5dc475e389d85085e585104d819f2d8b1"},
    {file = "SQLAlchemy-1.3.21-cp36-cp36m-win_amd64.whl", hash = "sha256:0f7b310fd84cf81d49c9aa1fb5eaeba2d16c490e8d3969586cd1eb8e4aedefbf"},
    {file = "SQLAlchemy-1.3.21-cp37-cp37m-macosx_10_14_x86_64.whl", hash = "sha256:de707a9aa9395d44d427793ea77403698f9193b9fc7d81139c03f7239d88c4ae"},
    {file = "SQLAlchemy-1.3.21-cp37-cp37m-manylinux1_x86_64.whl", hash = "sha256:8eef062f9dacc32b4d498a2822ce5a61badb041b202c448e829c253051d24ef0"},
    {file = "SQLAlchemy-1.3.21-cp37-cp37m-manylinux2010_x86_64.whl", hash = "sha256:c08baad28cb37dd35fa4c227fc4c312b1f65f7bb19a557995e160cce80b58b2c"},
    {file = "SQLAlchemy-1.3.21-cp37-cp37m-manylinux2014_aarch64.whl", hash = "sha256:4346ffc0a8756bfd8db4679c9bb52564f74fe1ffd60e6899db06823f111dbd9c"},
    {file = "SQLAlchemy-1.3.21-cp37-cp37m-win32.whl", hash = "sha256:4a128f45f404d78bbb0a629cc58dd090bdfded37e568c4016cf2252585eb018a"},
    {file = "SQLAlchemy-1.3.21-cp37-cp37m-win_amd64.whl", hash = "sha256:3f4c7463703030470f2af3e988681ab2fa08270282fc55ede448aed0854ca8ba"},
    {file = "SQLAlchemy-1.3.21-cp38-cp38-macosx_10_14_x86_64.whl", hash = "sha256:87b8314132081da1d3aa46dcd7b7a6ce7dc76cf7941471e659f740138a725a07"},
    {file = "SQLAlchemy-1.3.21-cp38-cp38-manylinux1_x86_64.whl", hash = "sha256:4d35478f0dd39eb3439f5970cc2c8396bb5c4881c4f8e3900ba041b4103ed86b"},
    {file = "SQLAlchemy-1.3.21-cp38-cp38-manylinux2010_x86_64.whl", hash = "sha256:bac445ed686fc0be02f6b4d64e5702ea5b4eef9849a7ad16522b2eea95d1dd3a"},
    {file = "SQLAlchemy-1.3.21-cp38-cp38-manylinux2014_aarch64.whl", hash = "sha256:d366bc4d0655a7926733e1b29258cc3c876b8520b61923e4838954eb0e3ec290"},
    {file = "SQLAlchemy-1.3.21-cp38-cp38-win32.whl", hash = "sha256:be4ac1036512db122964e4a41dc9bc08815ed772e37ac2a481fa825f58fcf5ee"},
    {file = "SQLAlchemy-1.3.21-cp38-cp38-win_amd64.whl", hash = "sha256:574e4da65e2f9cf083b24e34c10db2aeae8a7642628ef2c0e26ff202c1fd58f0"},
    {file = "SQLAlchemy-1.3.21-cp39-cp39-macosx_10_14_x86_64.whl", hash = "sha256:24c1dbc7089dc88fba12f1fdd0ea42f57d111a54a9071c745264c00e73152fe8"},
    {file = "SQLAlchemy-1.3.21-cp39-cp39-manylinux1_x86_64.whl", hash = "sha256:94dbaf31729e2108050351b830b9f304bfa4838f8c60981b0b46cf257e528f17"},
    {file = "SQLAlchemy-1.3.21-cp39-cp39-manylinux2010_x86_64.whl", hash = "sha256:561a6a3e799c59c6221e4e50deb18bc97434b480fb4a68da3623b609fb38f428"},
    {file = "SQLAlchemy-1.3.21-cp39-cp39-manylinux2014_aarch64.whl", hash = "sha256:dff61e81cbabdb4dd6dee421ae8842b3191468a602e909e23940890f553f7ac3"},
    {file = "SQLAlchemy-1.3.21-cp39-cp39-win32.whl", hash = "sha256:40c56eba051c504f85ea6cbc2cb4ec2bb83f06e8479041075a16b35f0bae3400"},
    {file = "SQLAlchemy-1.3.21-cp39-cp39-win_amd64.whl", hash = "sha256:cf4977686e92f59cb965959dd2076e1a4c06f37ebb263a9674721aaec02684d4"},
    {file = "SQLAlchemy-1.3.21.tar.gz", hash = "sha256:0bc49cba55b01b6827d1c303486da1afaaaf65a7a4d0e2be2cbc31c0f56752dc"},
]
typing-extensions = [
    {file = "typing_extensions-3.7.4.3-py2-none-any.whl", hash = "sha256:dafc7639cde7f1b6e1acc0f457842a83e722ccca8eef5270af2d74792619a89f"},
    {file = "typing_extensions-3.7.4.3-py3-none-any.whl", hash = "sha256:7cb407020f00f7bfc3cb3e7881628838e69d8f3fcab2f64742a5e76b2f841918"},
    {file = "typing_extensions-3.7.4.3.tar.gz", hash = "sha256:99d4073b617d30288f569d3f13d2bd7548c3a7e4c8de87db09a9d29bb3a4a60c"},
]
urllib3 = [
    {file = "urllib3-1.26.2-py2.py3-none-any.whl", hash = "sha256:d8ff90d979214d7b4f8ce956e80f4028fc6860e4431f731ea4a8c08f23f99473"},
    {file = "urllib3-1.26.2.tar.gz", hash = "sha256:19188f96923873c92ccb987120ec4acaa12f0461fa9ce5d3d0772bc965a39e08"},
]
wcwidth = [
    {file = "wcwidth-0.2.5-py2.py3-none-any.whl", hash = "sha256:beb4802a9cebb9144e99086eff703a642a13d6a0052920003a230f3294bbe784"},
    {file = "wcwidth-0.2.5.tar.gz", hash = "sha256:c4d647b99872929fdb7bdcaa4fbe7f01413ed3d98077df798530e5b04f116c83"},
]
wrapt = [
    {file = "wrapt-1.12.1.tar.gz", hash = "sha256:b62ffa81fb85f4332a4f609cab4ac40709470da05643a082ec1eb88e6d9b97d7"},
]
zipp = [
    {file = "zipp-3.4.0-py3-none-any.whl", hash = "sha256:102c24ef8f171fd729d46599845e95c7ab894a4cf45f5de11a44cc7444fb1108"},
    {file = "zipp-3.4.0.tar.gz", hash = "sha256:ed5eee1974372595f9e416cc7bbeeb12335201d8081ca8a0743c954d4446e5cb"},
]
